# This file is automatically @generated by Poetry 1.8.3 and should not be changed by hand.

[[package]]
name = "etcd3"
version = "0.12.0"
description = "Python client for the etcd3 API"
optional = false
python-versions = "*"
files = []
develop = false

[package.dependencies]
grpcio = ">=1.38.0"
protobuf = ">=3.17.0"
six = ">=1.16.0"

[package.source]
type = "git"
url = "https://github.com/kragniz/python-etcd3.git"
reference = "HEAD"
resolved_reference = "e58a899579ba416449c4e225b61f039457c8072a"

[[package]]
name = "grpcio"
version = "1.67.0"
description = "HTTP/2-based RPC framework"
optional = false
python-versions = ">=3.8"
files = [
    {file = "grpcio-1.67.0-cp310-cp310-linux_armv7l.whl", hash = "sha256:bd79929b3bb96b54df1296cd3bf4d2b770bd1df6c2bdf549b49bab286b925cdc"},
    {file = "grpcio-1.67.0-cp310-cp310-macosx_12_0_universal2.whl", hash = "sha256:16724ffc956ea42967f5758c2f043faef43cb7e48a51948ab593570570d1e68b"},
    {file = "grpcio-1.67.0-cp310-cp310-manylinux_2_17_aarch64.whl", hash = "sha256:2b7183c80b602b0ad816315d66f2fb7887614ead950416d60913a9a71c12560d"},
    {file = "grpcio-1.67.0-cp310-cp310-manylinux_2_17_i686.manylinux2014_i686.whl", hash = "sha256:efe32b45dd6d118f5ea2e5deaed417d8a14976325c93812dd831908522b402c9"},
    {file = "grpcio-1.67.0-cp310-cp310-manylinux_2_17_x86_64.manylinux2014_x86_64.whl", hash = "sha256:fe89295219b9c9e47780a0f1c75ca44211e706d1c598242249fe717af3385ec8"},
    {file = "grpcio-1.67.0-cp310-cp310-musllinux_1_1_i686.whl", hash = "sha256:aa8d025fae1595a207b4e47c2e087cb88d47008494db258ac561c00877d4c8f8"},
    {file = "grpcio-1.67.0-cp310-cp310-musllinux_1_1_x86_64.whl", hash = "sha256:f95e15db43e75a534420e04822df91f645664bf4ad21dfaad7d51773c80e6bb4"},
    {file = "grpcio-1.67.0-cp310-cp310-win32.whl", hash = "sha256:a6b9a5c18863fd4b6624a42e2712103fb0f57799a3b29651c0e5b8119a519d65"},
    {file = "grpcio-1.67.0-cp310-cp310-win_amd64.whl", hash = "sha256:b6eb68493a05d38b426604e1dc93bfc0137c4157f7ab4fac5771fd9a104bbaa6"},
    {file = "grpcio-1.67.0-cp311-cp311-linux_armv7l.whl", hash = "sha256:e91d154689639932305b6ea6f45c6e46bb51ecc8ea77c10ef25aa77f75443ad4"},
    {file = "grpcio-1.67.0-cp311-cp311-macosx_10_9_universal2.whl", hash = "sha256:cb204a742997277da678611a809a8409657b1398aaeebf73b3d9563b7d154c13"},
    {file = "grpcio-1.67.0-cp311-cp311-manylinux_2_17_aarch64.whl", hash = "sha256:ae6de510f670137e755eb2a74b04d1041e7210af2444103c8c95f193340d17ee"},
    {file = "grpcio-1.67.0-cp311-cp311-manylinux_2_17_i686.manylinux2014_i686.whl", hash = "sha256:74b900566bdf68241118f2918d312d3bf554b2ce0b12b90178091ea7d0a17b3d"},
    {file = "grpcio-1.67.0-cp311-cp311-manylinux_2_17_x86_64.manylinux2014_x86_64.whl", hash = "sha256:a4e95e43447a02aa603abcc6b5e727d093d161a869c83b073f50b9390ecf0fa8"},
    {file = "grpcio-1.67.0-cp311-cp311-musllinux_1_1_i686.whl", hash = "sha256:0bb94e66cd8f0baf29bd3184b6aa09aeb1a660f9ec3d85da615c5003154bc2bf"},
    {file = "grpcio-1.67.0-cp311-cp311-musllinux_1_1_x86_64.whl", hash = "sha256:82e5bd4b67b17c8c597273663794a6a46a45e44165b960517fe6d8a2f7f16d23"},
    {file = "grpcio-1.67.0-cp311-cp311-win32.whl", hash = "sha256:7fc1d2b9fd549264ae585026b266ac2db53735510a207381be509c315b4af4e8"},
    {file = "grpcio-1.67.0-cp311-cp311-win_amd64.whl", hash = "sha256:ac11ecb34a86b831239cc38245403a8de25037b448464f95c3315819e7519772"},
    {file = "grpcio-1.67.0-cp312-cp312-linux_armv7l.whl", hash = "sha256:227316b5631260e0bef8a3ce04fa7db4cc81756fea1258b007950b6efc90c05d"},
    {file = "grpcio-1.67.0-cp312-cp312-macosx_10_9_universal2.whl", hash = "sha256:d90cfdafcf4b45a7a076e3e2a58e7bc3d59c698c4f6470b0bb13a4d869cf2273"},
    {file = "grpcio-1.67.0-cp312-cp312-manylinux_2_17_aarch64.whl", hash = "sha256:77196216d5dd6f99af1c51e235af2dd339159f657280e65ce7e12c1a8feffd1d"},
    {file = "grpcio-1.67.0-cp312-cp312-manylinux_2_17_i686.manylinux2014_i686.whl", hash = "sha256:15c05a26a0f7047f720da41dc49406b395c1470eef44ff7e2c506a47ac2c0591"},
    {file = "grpcio-1.67.0-cp312-cp312-manylinux_2_17_x86_64.manylinux2014_x86_64.whl", hash = "sha256:3840994689cc8cbb73d60485c594424ad8adb56c71a30d8948d6453083624b52"},
    {file = "grpcio-1.67.0-cp312-cp312-musllinux_1_1_i686.whl", hash = "sha256:5a1e03c3102b6451028d5dc9f8591131d6ab3c8a0e023d94c28cb930ed4b5f81"},
    {file = "grpcio-1.67.0-cp312-cp312-musllinux_1_1_x86_64.whl", hash = "sha256:682968427a63d898759474e3b3178d42546e878fdce034fd7474ef75143b64e3"},
    {file = "grpcio-1.67.0-cp312-cp312-win32.whl", hash = "sha256:d01793653248f49cf47e5695e0a79805b1d9d4eacef85b310118ba1dfcd1b955"},
    {file = "grpcio-1.67.0-cp312-cp312-win_amd64.whl", hash = "sha256:985b2686f786f3e20326c4367eebdaed3e7aa65848260ff0c6644f817042cb15"},
    {file = "grpcio-1.67.0-cp313-cp313-linux_armv7l.whl", hash = "sha256:8c9a35b8bc50db35ab8e3e02a4f2a35cfba46c8705c3911c34ce343bd777813a"},
    {file = "grpcio-1.67.0-cp313-cp313-macosx_10_13_universal2.whl", hash = "sha256:42199e704095b62688998c2d84c89e59a26a7d5d32eed86d43dc90e7a3bd04aa"},
    {file = "grpcio-1.67.0-cp313-cp313-manylinux_2_17_aarch64.whl", hash = "sha256:c4c425f440fb81f8d0237c07b9322fc0fb6ee2b29fbef5f62a322ff8fcce240d"},
    {file = "grpcio-1.67.0-cp313-cp313-manylinux_2_17_i686.manylinux2014_i686.whl", hash = "sha256:323741b6699cd2b04a71cb38f502db98f90532e8a40cb675393d248126a268af"},
    {file = "grpcio-1.67.0-cp313-cp313-manylinux_2_17_x86_64.manylinux2014_x86_64.whl", hash = "sha256:662c8e105c5e5cee0317d500eb186ed7a93229586e431c1bf0c9236c2407352c"},
    {file = "grpcio-1.67.0-cp313-cp313-musllinux_1_1_i686.whl", hash = "sha256:f6bd2ab135c64a4d1e9e44679a616c9bc944547357c830fafea5c3caa3de5153"},
    {file = "grpcio-1.67.0-cp313-cp313-musllinux_1_1_x86_64.whl", hash = "sha256:2f55c1e0e2ae9bdd23b3c63459ee4c06d223b68aeb1961d83c48fb63dc29bc03"},
    {file = "grpcio-1.67.0-cp313-cp313-win32.whl", hash = "sha256:fd6bc27861e460fe28e94226e3673d46e294ca4673d46b224428d197c5935e69"},
    {file = "grpcio-1.67.0-cp313-cp313-win_amd64.whl", hash = "sha256:cf51d28063338608cd8d3cd64677e922134837902b70ce00dad7f116e3998210"},
    {file = "grpcio-1.67.0-cp38-cp38-linux_armv7l.whl", hash = "sha256:7f200aca719c1c5dc72ab68be3479b9dafccdf03df530d137632c534bb6f1ee3"},
    {file = "grpcio-1.67.0-cp38-cp38-macosx_10_9_universal2.whl", hash = "sha256:0892dd200ece4822d72dd0952f7112c542a487fc48fe77568deaaa399c1e717d"},
    {file = "grpcio-1.67.0-cp38-cp38-manylinux_2_17_aarch64.whl", hash = "sha256:f4d613fbf868b2e2444f490d18af472ccb47660ea3df52f068c9c8801e1f3e85"},
    {file = "grpcio-1.67.0-cp38-cp38-manylinux_2_17_i686.manylinux2014_i686.whl", hash = "sha256:0c69bf11894cad9da00047f46584d5758d6ebc9b5950c0dc96fec7e0bce5cde9"},
    {file = "grpcio-1.67.0-cp38-cp38-manylinux_2_17_x86_64.manylinux2014_x86_64.whl", hash = "sha256:b9bca3ca0c5e74dea44bf57d27e15a3a3996ce7e5780d61b7c72386356d231db"},
    {file = "grpcio-1.67.0-cp38-cp38-musllinux_1_1_i686.whl", hash = "sha256:014dfc020e28a0d9be7e93a91f85ff9f4a87158b7df9952fe23cc42d29d31e1e"},
    {file = "grpcio-1.67.0-cp38-cp38-musllinux_1_1_x86_64.whl", hash = "sha256:d4ea4509d42c6797539e9ec7496c15473177ce9abc89bc5c71e7abe50fc25737"},
    {file = "grpcio-1.67.0-cp38-cp38-win32.whl", hash = "sha256:9d75641a2fca9ae1ae86454fd25d4c298ea8cc195dbc962852234d54a07060ad"},
    {file = "grpcio-1.67.0-cp38-cp38-win_amd64.whl", hash = "sha256:cff8e54d6a463883cda2fab94d2062aad2f5edd7f06ae3ed030f2a74756db365"},
    {file = "grpcio-1.67.0-cp39-cp39-linux_armv7l.whl", hash = "sha256:62492bd534979e6d7127b8a6b29093161a742dee3875873e01964049d5250a74"},
    {file = "grpcio-1.67.0-cp39-cp39-macosx_10_9_universal2.whl", hash = "sha256:eef1dce9d1a46119fd09f9a992cf6ab9d9178b696382439446ca5f399d7b96fe"},
    {file = "grpcio-1.67.0-cp39-cp39-manylinux_2_17_aarch64.whl", hash = "sha256:f623c57a5321461c84498a99dddf9d13dac0e40ee056d884d6ec4ebcab647a78"},
    {file = "grpcio-1.67.0-cp39-cp39-manylinux_2_17_i686.manylinux2014_i686.whl", hash = "sha256:54d16383044e681f8beb50f905249e4e7261dd169d4aaf6e52eab67b01cbbbe2"},
    {file = "grpcio-1.67.0-cp39-cp39-manylinux_2_17_x86_64.manylinux2014_x86_64.whl", hash = "sha256:b2a44e572fb762c668e4812156b81835f7aba8a721b027e2d4bb29fb50ff4d33"},
    {file = "grpcio-1.67.0-cp39-cp39-musllinux_1_1_i686.whl", hash = "sha256:391df8b0faac84d42f5b8dfc65f5152c48ed914e13c522fd05f2aca211f8bfad"},
    {file = "grpcio-1.67.0-cp39-cp39-musllinux_1_1_x86_64.whl", hash = "sha256:cfd9306511fdfc623a1ba1dc3bc07fbd24e6cfbe3c28b4d1e05177baa2f99617"},
    {file = "grpcio-1.67.0-cp39-cp39-win32.whl", hash = "sha256:30d47dbacfd20cbd0c8be9bfa52fdb833b395d4ec32fe5cff7220afc05d08571"},
    {file = "grpcio-1.67.0-cp39-cp39-win_amd64.whl", hash = "sha256:f55f077685f61f0fbd06ea355142b71e47e4a26d2d678b3ba27248abfe67163a"},
    {file = "grpcio-1.67.0.tar.gz", hash = "sha256:e090b2553e0da1c875449c8e75073dd4415dd71c9bde6a406240fdf4c0ee467c"},
]

[package.extras]
protobuf = ["grpcio-tools (>=1.67.0)"]

[[package]]
name = "protobuf"
version = "5.28.3"
description = ""
optional = false
python-versions = ">=3.8"
files = [
    {file = "protobuf-5.28.3-cp310-abi3-win32.whl", hash = "sha256:0c4eec6f987338617072592b97943fdbe30d019c56126493111cf24344c1cc24"},
    {file = "protobuf-5.28.3-cp310-abi3-win_amd64.whl", hash = "sha256:91fba8f445723fcf400fdbe9ca796b19d3b1242cd873907979b9ed71e4afe868"},
    {file = "protobuf-5.28.3-cp38-abi3-macosx_10_9_universal2.whl", hash = "sha256:a3f6857551e53ce35e60b403b8a27b0295f7d6eb63d10484f12bc6879c715687"},
    {file = "protobuf-5.28.3-cp38-abi3-manylinux2014_aarch64.whl", hash = "sha256:3fa2de6b8b29d12c61911505d893afe7320ce7ccba4df913e2971461fa36d584"},
    {file = "protobuf-5.28.3-cp38-abi3-manylinux2014_x86_64.whl", hash = "sha256:712319fbdddb46f21abb66cd33cb9e491a5763b2febd8f228251add221981135"},
    {file = "protobuf-5.28.3-cp38-cp38-win32.whl", hash = "sha256:3e6101d095dfd119513cde7259aa703d16c6bbdfae2554dfe5cfdbe94e32d548"},
    {file = "protobuf-5.28.3-cp38-cp38-win_amd64.whl", hash = "sha256:27b246b3723692bf1068d5734ddaf2fccc2cdd6e0c9b47fe099244d80200593b"},
    {file = "protobuf-5.28.3-cp39-cp39-win32.whl", hash = "sha256:135658402f71bbd49500322c0f736145731b16fc79dc8f367ab544a17eab4535"},
    {file = "protobuf-5.28.3-cp39-cp39-win_amd64.whl", hash = "sha256:70585a70fc2dd4818c51287ceef5bdba6387f88a578c86d47bb34669b5552c36"},
    {file = "protobuf-5.28.3-py3-none-any.whl", hash = "sha256:cee1757663fa32a1ee673434fcf3bf24dd54763c79690201208bafec62f19eed"},
    {file = "protobuf-5.28.3.tar.gz", hash = "sha256:64badbc49180a5e401f373f9ce7ab1d18b63f7dd4a9cdc43c92b9f0b481cef7b"},
]

[[package]]
name = "six"
version = "1.16.0"
description = "Python 2 and 3 compatibility utilities"
optional = false
python-versions = ">=2.7, !=3.0.*, !=3.1.*, !=3.2.*"
files = [
    {file = "six-1.16.0-py2.py3-none-any.whl", hash = "sha256:8abb2f1d86890a2dfb989f9a77cfcfd3e47c2a354b01111771326f8aa26e0254"},
    {file = "six-1.16.0.tar.gz", hash = "sha256:1e61c37477a1626458e36f7b1d82aa5c9b094fa4802892072e49de9c60c4c926"},
]

[metadata]
lock-version = "2.0"
python-versions = "^3.10"
content-hash = "352824b99ea212213fdc2c560443c1df39e96b5f0f38733159baa20ed4c1e201"
